// !$*UTF8*$!
{
	archiveVersion = 1;
	classes = {
	};
	objectVersion = 55;
	objects = {

/* Begin PBXBuildFile section */
		D02169D228C037FC001924FF /* Sample.swift in Sources */ = {isa = PBXBuildFile; fileRef = D02169D128C037FC001924FF /* Sample.swift */; };
		D02169D428C04856001924FF /* LoginViewController.swift in Sources */ = {isa = PBXBuildFile; fileRef = D02169D328C04856001924FF /* LoginViewController.swift */; };
		D02169D628C04A06001924FF /* LoginViewModel.swift in Sources */ = {isa = PBXBuildFile; fileRef = D02169D528C04A06001924FF /* LoginViewModel.swift */; };
		D02169DA28C05AFE001924FF /* LottoViewController.swift in Sources */ = {isa = PBXBuildFile; fileRef = D02169D928C05AFE001924FF /* LottoViewController.swift */; };
		D02169DC28C05C14001924FF /* LottoViewModel.swift in Sources */ = {isa = PBXBuildFile; fileRef = D02169DB28C05C14001924FF /* LottoViewModel.swift */; };
		D03AFCD128C1868200A92404 /* GCDViewController.swift in Sources */ = {isa = PBXBuildFile; fileRef = D03AFCD028C1868200A92404 /* GCDViewController.swift */; };
		D05C5F8228BD94DB004EE695 /* AppDelegate.swift in Sources */ = {isa = PBXBuildFile; fileRef = D05C5F8128BD94DB004EE695 /* AppDelegate.swift */; };
		D05C5F8428BD94DB004EE695 /* SceneDelegate.swift in Sources */ = {isa = PBXBuildFile; fileRef = D05C5F8328BD94DB004EE695 /* SceneDelegate.swift */; };
		D05C5F8628BD94DB004EE695 /* ViewController.swift in Sources */ = {isa = PBXBuildFile; fileRef = D05C5F8528BD94DB004EE695 /* ViewController.swift */; };
		D05C5F8928BD94DB004EE695 /* Main.storyboard in Resources */ = {isa = PBXBuildFile; fileRef = D05C5F8728BD94DB004EE695 /* Main.storyboard */; };
		D05C5F8B28BD94DC004EE695 /* Assets.xcassets in Resources */ = {isa = PBXBuildFile; fileRef = D05C5F8A28BD94DC004EE695 /* Assets.xcassets */; };
		D05C5F8E28BD94DC004EE695 /* LaunchScreen.storyboard in Resources */ = {isa = PBXBuildFile; fileRef = D05C5F8C28BD94DC004EE695 /* LaunchScreen.storyboard */; };
		D05C5F9728BD94FB004EE695 /* LottoAPIManager.swift in Sources */ = {isa = PBXBuildFile; fileRef = D05C5F9628BD94FB004EE695 /* LottoAPIManager.swift */; };
		D05C5F9928BD9BB3004EE695 /* Lotto.swift in Sources */ = {isa = PBXBuildFile; fileRef = D05C5F9828BD9BB3004EE695 /* Lotto.swift */; };
		D05C5F9C28BDA72D004EE695 /* PersonAPIManager.swift in Sources */ = {isa = PBXBuildFile; fileRef = D05C5F9B28BDA72D004EE695 /* PersonAPIManager.swift */; };
		D05C5F9E28BDA887004EE695 /* Person.swift in Sources */ = {isa = PBXBuildFile; fileRef = D05C5F9D28BDA887004EE695 /* Person.swift */; };
		D05C5FA128BDB75E004EE695 /* URLSession+Extension.swift in Sources */ = {isa = PBXBuildFile; fileRef = D05C5FA028BDB75E004EE695 /* URLSession+Extension.swift */; };
		D0DCAE4028BEF8CC0022D68E /* Observable.swift in Sources */ = {isa = PBXBuildFile; fileRef = D0DCAE3F28BEF8CC0022D68E /* Observable.swift */; };
		D0DCAE4228BEFC0D0022D68E /* PersonViewModel.swift in Sources */ = {isa = PBXBuildFile; fileRef = D0DCAE4128BEFC0D0022D68E /* PersonViewModel.swift */; };
/* End PBXBuildFile section */

/* Begin PBXFileReference section */
		D02169D128C037FC001924FF /* Sample.swift */ = {isa = PBXFileReference; lastKnownFileType = sourcecode.swift; path = Sample.swift; sourceTree = "<group>"; };
		D02169D328C04856001924FF /* LoginViewController.swift */ = {isa = PBXFileReference; lastKnownFileType = sourcecode.swift; path = LoginViewController.swift; sourceTree = "<group>"; };
		D02169D528C04A06001924FF /* LoginViewModel.swift */ = {isa = PBXFileReference; lastKnownFileType = sourcecode.swift; path = LoginViewModel.swift; sourceTree = "<group>"; };
		D02169D928C05AFE001924FF /* LottoViewController.swift */ = {isa = PBXFileReference; lastKnownFileType = sourcecode.swift; path = LottoViewController.swift; sourceTree = "<group>"; };
		D02169DB28C05C14001924FF /* LottoViewModel.swift */ = {isa = PBXFileReference; lastKnownFileType = sourcecode.swift; path = LottoViewModel.swift; sourceTree = "<group>"; };
		D03AFCD028C1868200A92404 /* GCDViewController.swift */ = {isa = PBXFileReference; lastKnownFileType = sourcecode.swift; path = GCDViewController.swift; sourceTree = "<group>"; };
		D05C5F7E28BD94DB004EE695 /* SeSacWeek9.app */ = {isa = PBXFileReference; explicitFileType = wrapper.application; includeInIndex = 0; path = SeSacWeek9.app; sourceTree = BUILT_PRODUCTS_DIR; };
		D05C5F8128BD94DB004EE695 /* AppDelegate.swift */ = {isa = PBXFileReference; lastKnownFileType = sourcecode.swift; path = AppDelegate.swift; sourceTree = "<group>"; };
		D05C5F8328BD94DB004EE695 /* SceneDelegate.swift */ = {isa = PBXFileReference; lastKnownFileType = sourcecode.swift; path = SceneDelegate.swift; sourceTree = "<group>"; };
		D05C5F8528BD94DB004EE695 /* ViewController.swift */ = {isa = PBXFileReference; lastKnownFileType = sourcecode.swift; path = ViewController.swift; sourceTree = "<group>"; };
		D05C5F8828BD94DB004EE695 /* Base */ = {isa = PBXFileReference; lastKnownFileType = file.storyboard; name = Base; path = Base.lproj/Main.storyboard; sourceTree = "<group>"; };
		D05C5F8A28BD94DC004EE695 /* Assets.xcassets */ = {isa = PBXFileReference; lastKnownFileType = folder.assetcatalog; path = Assets.xcassets; sourceTree = "<group>"; };
		D05C5F8D28BD94DC004EE695 /* Base */ = {isa = PBXFileReference; lastKnownFileType = file.storyboard; name = Base; path = Base.lproj/LaunchScreen.storyboard; sourceTree = "<group>"; };
		D05C5F8F28BD94DC004EE695 /* Info.plist */ = {isa = PBXFileReference; lastKnownFileType = text.plist.xml; path = Info.plist; sourceTree = "<group>"; };
		D05C5F9628BD94FB004EE695 /* LottoAPIManager.swift */ = {isa = PBXFileReference; lastKnownFileType = sourcecode.swift; path = LottoAPIManager.swift; sourceTree = "<group>"; };
		D05C5F9828BD9BB3004EE695 /* Lotto.swift */ = {isa = PBXFileReference; lastKnownFileType = sourcecode.swift; path = Lotto.swift; sourceTree = "<group>"; };
		D05C5F9B28BDA72D004EE695 /* PersonAPIManager.swift */ = {isa = PBXFileReference; lastKnownFileType = sourcecode.swift; path = PersonAPIManager.swift; sourceTree = "<group>"; };
		D05C5F9D28BDA887004EE695 /* Person.swift */ = {isa = PBXFileReference; lastKnownFileType = sourcecode.swift; path = Person.swift; sourceTree = "<group>"; };
		D05C5FA028BDB75E004EE695 /* URLSession+Extension.swift */ = {isa = PBXFileReference; lastKnownFileType = sourcecode.swift; path = "URLSession+Extension.swift"; sourceTree = "<group>"; };
		D0DCAE3F28BEF8CC0022D68E /* Observable.swift */ = {isa = PBXFileReference; lastKnownFileType = sourcecode.swift; path = Observable.swift; sourceTree = "<group>"; };
		D0DCAE4128BEFC0D0022D68E /* PersonViewModel.swift */ = {isa = PBXFileReference; lastKnownFileType = sourcecode.swift; path = PersonViewModel.swift; sourceTree = "<group>"; };
/* End PBXFileReference section */

/* Begin PBXFrameworksBuildPhase section */
		D05C5F7B28BD94DB004EE695 /* Frameworks */ = {
			isa = PBXFrameworksBuildPhase;
			buildActionMask = 2147483647;
			files = (
			);
			runOnlyForDeploymentPostprocessing = 0;
		};
/* End PBXFrameworksBuildPhase section */

/* Begin PBXGroup section */
		D02169D728C04A09001924FF /* LoginView */ = {
			isa = PBXGroup;
			children = (
				D02169D328C04856001924FF /* LoginViewController.swift */,
				D02169D528C04A06001924FF /* LoginViewModel.swift */,
			);
			path = LoginView;
			sourceTree = "<group>";
		};
		D02169D828C05AEB001924FF /* App */ = {
			isa = PBXGroup;
			children = (
				D05C5F8128BD94DB004EE695 /* AppDelegate.swift */,
				D05C5F8328BD94DB004EE695 /* SceneDelegate.swift */,
			);
			path = App;
			sourceTree = "<group>";
		};
		D02169DD28C05C17001924FF /* LottoView */ = {
			isa = PBXGroup;
			children = (
				D02169D928C05AFE001924FF /* LottoViewController.swift */,
				D02169DB28C05C14001924FF /* LottoViewModel.swift */,
			);
			path = LottoView;
			sourceTree = "<group>";
		};
		D05C5F7528BD94DB004EE695 = {
			isa = PBXGroup;
			children = (
				D05C5F8028BD94DB004EE695 /* SeSacWeek9 */,
				D05C5F7F28BD94DB004EE695 /* Products */,
			);
			sourceTree = "<group>";
		};
		D05C5F7F28BD94DB004EE695 /* Products */ = {
			isa = PBXGroup;
			children = (
				D05C5F7E28BD94DB004EE695 /* SeSacWeek9.app */,
			);
			name = Products;
			sourceTree = "<group>";
		};
		D05C5F8028BD94DB004EE695 /* SeSacWeek9 */ = {
			isa = PBXGroup;
			children = (
				D05C5FA028BDB75E004EE695 /* URLSession+Extension.swift */,
				D05C5F9A28BDA71E004EE695 /* Person */,
				D05C5F9528BD94ED004EE695 /* Lotto */,
				D02169D828C05AEB001924FF /* App */,
				D05C5F8528BD94DB004EE695 /* ViewController.swift */,
				D02169D728C04A09001924FF /* LoginView */,
				D02169DD28C05C17001924FF /* LottoView */,
				D05C5F8728BD94DB004EE695 /* Main.storyboard */,
				D03AFCD028C1868200A92404 /* GCDViewController.swift */,
				D05C5F8A28BD94DC004EE695 /* Assets.xcassets */,
				D05C5F8C28BD94DC004EE695 /* LaunchScreen.storyboard */,
				D05C5F8F28BD94DC004EE695 /* Info.plist */,
				D0DCAE3F28BEF8CC0022D68E /* Observable.swift */,
				D02169D128C037FC001924FF /* Sample.swift */,
			);
			path = SeSacWeek9;
			sourceTree = "<group>";
		};
		D05C5F9528BD94ED004EE695 /* Lotto */ = {
			isa = PBXGroup;
			children = (
				D05C5F9628BD94FB004EE695 /* LottoAPIManager.swift */,
				D05C5F9828BD9BB3004EE695 /* Lotto.swift */,
			);
			path = Lotto;
			sourceTree = "<group>";
		};
		D05C5F9A28BDA71E004EE695 /* Person */ = {
			isa = PBXGroup;
			children = (
				D05C5F9B28BDA72D004EE695 /* PersonAPIManager.swift */,
				D05C5F9D28BDA887004EE695 /* Person.swift */,
				D0DCAE4128BEFC0D0022D68E /* PersonViewModel.swift */,
			);
			path = Person;
			sourceTree = "<group>";
		};
/* End PBXGroup section */

/* Begin PBXNativeTarget section */
		D05C5F7D28BD94DB004EE695 /* SeSacWeek9 */ = {
			isa = PBXNativeTarget;
			buildConfigurationList = D05C5F9228BD94DC004EE695 /* Build configuration list for PBXNativeTarget "SeSacWeek9" */;
			buildPhases = (
				D05C5F7A28BD94DB004EE695 /* Sources */,
				D05C5F7B28BD94DB004EE695 /* Frameworks */,
				D05C5F7C28BD94DB004EE695 /* Resources */,
			);
			buildRules = (
			);
			dependencies = (
			);
			name = SeSacWeek9;
			productName = SeSacWeek9;
			productReference = D05C5F7E28BD94DB004EE695 /* SeSacWeek9.app */;
			productType = "com.apple.product-type.application";
		};
/* End PBXNativeTarget section */

/* Begin PBXProject section */
		D05C5F7628BD94DB004EE695 /* Project object */ = {
			isa = PBXProject;
			attributes = {
				BuildIndependentTargetsInParallel = 1;
				LastSwiftUpdateCheck = 1340;
				LastUpgradeCheck = 1340;
				TargetAttributes = {
					D05C5F7D28BD94DB004EE695 = {
						CreatedOnToolsVersion = 13.4.1;
					};
				};
			};
			buildConfigurationList = D05C5F7928BD94DB004EE695 /* Build configuration list for PBXProject "SeSacWeek9" */;
			compatibilityVersion = "Xcode 13.0";
			developmentRegion = en;
			hasScannedForEncodings = 0;
			knownRegions = (
				en,
				Base,
			);
			mainGroup = D05C5F7528BD94DB004EE695;
			productRefGroup = D05C5F7F28BD94DB004EE695 /* Products */;
			projectDirPath = "";
			projectRoot = "";
			targets = (
				D05C5F7D28BD94DB004EE695 /* SeSacWeek9 */,
			);
		};
/* End PBXProject section */

/* Begin PBXResourcesBuildPhase section */
		D05C5F7C28BD94DB004EE695 /* Resources */ = {
			isa = PBXResourcesBuildPhase;
			buildActionMask = 2147483647;
			files = (
				D05C5F8E28BD94DC004EE695 /* LaunchScreen.storyboard in Resources */,
				D05C5F8B28BD94DC004EE695 /* Assets.xcassets in Resources */,
				D05C5F8928BD94DB004EE695 /* Main.storyboard in Resources */,
			);
			runOnlyForDeploymentPostprocessing = 0;
		};
/* End PBXResourcesBuildPhase section */

/* Begin PBXSourcesBuildPhase section */
		D05C5F7A28BD94DB004EE695 /* Sources */ = {
			isa = PBXSourcesBuildPhase;
			buildActionMask = 2147483647;
			files = (
				D02169D428C04856001924FF /* LoginViewController.swift in Sources */,
				D05C5F8628BD94DB004EE695 /* ViewController.swift in Sources */,
				D0DCAE4228BEFC0D0022D68E /* PersonViewModel.swift in Sources */,
				D02169DA28C05AFE001924FF /* LottoViewController.swift in Sources */,
				D05C5F9928BD9BB3004EE695 /* Lotto.swift in Sources */,
				D02169DC28C05C14001924FF /* LottoViewModel.swift in Sources */,
				D05C5F8228BD94DB004EE695 /* AppDelegate.swift in Sources */,
				D05C5F9C28BDA72D004EE695 /* PersonAPIManager.swift in Sources */,
				D0DCAE4028BEF8CC0022D68E /* Observable.swift in Sources */,
				D05C5FA128BDB75E004EE695 /* URLSession+Extension.swift in Sources */,
				D02169D628C04A06001924FF /* LoginViewModel.swift in Sources */,
				D05C5F9E28BDA887004EE695 /* Person.swift in Sources */,
				D05C5F8428BD94DB004EE695 /* SceneDelegate.swift in Sources */,
				D02169D228C037FC001924FF /* Sample.swift in Sources */,
				D05C5F9728BD94FB004EE695 /* LottoAPIManager.swift in Sources */,
				D03AFCD128C1868200A92404 /* GCDViewController.swift in Sources */,
			);
			runOnlyForDeploymentPostprocessing = 0;
		};
/* End PBXSourcesBuildPhase section */

/* Begin PBXVariantGroup section */
		D05C5F8728BD94DB004EE695 /* Main.storyboard */ = {
			isa = PBXVariantGroup;
			children = (
				D05C5F8828BD94DB004EE695 /* Base */,
			);
			name = Main.storyboard;
			sourceTree = "<group>";
		};
		D05C5F8C28BD94DC004EE695 /* LaunchScreen.storyboard */ = {
			isa = PBXVariantGroup;
			children = (
				D05C5F8D28BD94DC004EE695 /* Base */,
			);
			name = LaunchScreen.storyboard;
			sourceTree = "<group>";
		};
/* End PBXVariantGroup section */

/* Begin XCBuildConfiguration section */
		D05C5F9028BD94DC004EE695 /* Debug */ = {
			isa = XCBuildConfiguration;
			buildSettings = {
				ALWAYS_SEARCH_USER_PATHS = NO;
				CLANG_ANALYZER_NONNULL = YES;
				CLANG_ANALYZER_NUMBER_OBJECT_CONVERSION = YES_AGGRESSIVE;
				CLANG_CXX_LANGUAGE_STANDARD = "gnu++17";
				CLANG_ENABLE_MODULES = YES;
				CLANG_ENABLE_OBJC_ARC = YES;
				CLANG_ENABLE_OBJC_WEAK = YES;
				CLANG_WARN_BLOCK_CAPTURE_AUTORELEASING = YES;
				CLANG_WARN_BOOL_CONVERSION = YES;
				CLANG_WARN_COMMA = YES;
				CLANG_WARN_CONSTANT_CONVERSION = YES;
				CLANG_WARN_DEPRECATED_OBJC_IMPLEMENTATIONS = YES;
				CLANG_WARN_DIRECT_OBJC_ISA_USAGE = YES_ERROR;
				CLANG_WARN_DOCUMENTATION_COMMENTS = YES;
				CLANG_WARN_EMPTY_BODY = YES;
				CLANG_WARN_ENUM_CONVERSION = YES;
				CLANG_WARN_INFINITE_RECURSION = YES;
				CLANG_WARN_INT_CONVERSION = YES;
				CLANG_WARN_NON_LITERAL_NULL_CONVERSION = YES;
				CLANG_WARN_OBJC_IMPLICIT_RETAIN_SELF = YES;
				CLANG_WARN_OBJC_LITERAL_CONVERSION = YES;
				CLANG_WARN_OBJC_ROOT_CLASS = YES_ERROR;
				CLANG_WARN_QUOTED_INCLUDE_IN_FRAMEWORK_HEADER = YES;
				CLANG_WARN_RANGE_LOOP_ANALYSIS = YES;
				CLANG_WARN_STRICT_PROTOTYPES = YES;
				CLANG_WARN_SUSPICIOUS_MOVE = YES;
				CLANG_WARN_UNGUARDED_AVAILABILITY = YES_AGGRESSIVE;
				CLANG_WARN_UNREACHABLE_CODE = YES;
				CLANG_WARN__DUPLICATE_METHOD_MATCH = YES;
				COPY_PHASE_STRIP = NO;
				DEBUG_INFORMATION_FORMAT = dwarf;
				ENABLE_STRICT_OBJC_MSGSEND = YES;
				ENABLE_TESTABILITY = YES;
				GCC_C_LANGUAGE_STANDARD = gnu11;
				GCC_DYNAMIC_NO_PIC = NO;
				GCC_NO_COMMON_BLOCKS = YES;
				GCC_OPTIMIZATION_LEVEL = 0;
				GCC_PREPROCESSOR_DEFINITIONS = (
					"DEBUG=1",
					"$(inherited)",
				);
				GCC_WARN_64_TO_32_BIT_CONVERSION = YES;
				GCC_WARN_ABOUT_RETURN_TYPE = YES_ERROR;
				GCC_WARN_UNDECLARED_SELECTOR = YES;
				GCC_WARN_UNINITIALIZED_AUTOS = YES_AGGRESSIVE;
				GCC_WARN_UNUSED_FUNCTION = YES;
				GCC_WARN_UNUSED_VARIABLE = YES;
				IPHONEOS_DEPLOYMENT_TARGET = 15.5;
				MTL_ENABLE_DEBUG_INFO = INCLUDE_SOURCE;
				MTL_FAST_MATH = YES;
				ONLY_ACTIVE_ARCH = YES;
				SDKROOT = iphoneos;
				SWIFT_ACTIVE_COMPILATION_CONDITIONS = DEBUG;
				SWIFT_OPTIMIZATION_LEVEL = "-Onone";
			};
			name = Debug;
		};
		D05C5F9128BD94DC004EE695 /* Release */ = {
			isa = XCBuildConfiguration;
			buildSettings = {
				ALWAYS_SEARCH_USER_PATHS = NO;
				CLANG_ANALYZER_NONNULL = YES;
				CLANG_ANALYZER_NUMBER_OBJECT_CONVERSION = YES_AGGRESSIVE;
				CLANG_CXX_LANGUAGE_STANDARD = "gnu++17";
				CLANG_ENABLE_MODULES = YES;
				CLANG_ENABLE_OBJC_ARC = YES;
				CLANG_ENABLE_OBJC_WEAK = YES;
				CLANG_WARN_BLOCK_CAPTURE_AUTORELEASING = YES;
				CLANG_WARN_BOOL_CONVERSION = YES;
				CLANG_WARN_COMMA = YES;
				CLANG_WARN_CONSTANT_CONVERSION = YES;
				CLANG_WARN_DEPRECATED_OBJC_IMPLEMENTATIONS = YES;
				CLANG_WARN_DIRECT_OBJC_ISA_USAGE = YES_ERROR;
				CLANG_WARN_DOCUMENTATION_COMMENTS = YES;
				CLANG_WARN_EMPTY_BODY = YES;
				CLANG_WARN_ENUM_CONVERSION = YES;
				CLANG_WARN_INFINITE_RECURSION = YES;
				CLANG_WARN_INT_CONVERSION = YES;
				CLANG_WARN_NON_LITERAL_NULL_CONVERSION = YES;
				CLANG_WARN_OBJC_IMPLICIT_RETAIN_SELF = YES;
				CLANG_WARN_OBJC_LITERAL_CONVERSION = YES;
				CLANG_WARN_OBJC_ROOT_CLASS = YES_ERROR;
				CLANG_WARN_QUOTED_INCLUDE_IN_FRAMEWORK_HEADER = YES;
				CLANG_WARN_RANGE_LOOP_ANALYSIS = YES;
				CLANG_WARN_STRICT_PROTOTYPES = YES;
				CLANG_WARN_SUSPICIOUS_MOVE = YES;
				CLANG_WARN_UNGUARDED_AVAILABILITY = YES_AGGRESSIVE;
				CLANG_WARN_UNREACHABLE_CODE = YES;
				CLANG_WARN__DUPLICATE_METHOD_MATCH = YES;
				COPY_PHASE_STRIP = NO;
				DEBUG_INFORMATION_FORMAT = "dwarf-with-dsym";
				ENABLE_NS_ASSERTIONS = NO;
				ENABLE_STRICT_OBJC_MSGSEND = YES;
				GCC_C_LANGUAGE_STANDARD = gnu11;
				GCC_NO_COMMON_BLOCKS = YES;
				GCC_WARN_64_TO_32_BIT_CONVERSION = YES;
				GCC_WARN_ABOUT_RETURN_TYPE = YES_ERROR;
				GCC_WARN_UNDECLARED_SELECTOR = YES;
				GCC_WARN_UNINITIALIZED_AUTOS = YES_AGGRESSIVE;
				GCC_WARN_UNUSED_FUNCTION = YES;
				GCC_WARN_UNUSED_VARIABLE = YES;
				IPHONEOS_DEPLOYMENT_TARGET = 15.5;
				MTL_ENABLE_DEBUG_INFO = NO;
				MTL_FAST_MATH = YES;
				SDKROOT = iphoneos;
				SWIFT_COMPILATION_MODE = wholemodule;
				SWIFT_OPTIMIZATION_LEVEL = "-O";
				VALIDATE_PRODUCT = YES;
			};
			name = Release;
		};
		D05C5F9328BD94DC004EE695 /* Debug */ = {
			isa = XCBuildConfiguration;
			buildSettings = {
				ASSETCATALOG_COMPILER_APPICON_NAME = AppIcon;
				ASSETCATALOG_COMPILER_GLOBAL_ACCENT_COLOR_NAME = AccentColor;
				CODE_SIGN_STYLE = Automatic;
				CURRENT_PROJECT_VERSION = 1;
				DEVELOPMENT_TEAM = PW2RLJT734;
				GENERATE_INFOPLIST_FILE = YES;
				INFOPLIST_FILE = SeSacWeek9/Info.plist;
				INFOPLIST_KEY_UIApplicationSupportsIndirectInputEvents = YES;
				INFOPLIST_KEY_UILaunchStoryboardName = LaunchScreen;
				INFOPLIST_KEY_UIMainStoryboardFile = Main;
				INFOPLIST_KEY_UISupportedInterfaceOrientations_iPad = "UIInterfaceOrientationPortrait UIInterfaceOrientationPortraitUpsideDown UIInterfaceOrientationLandscapeLeft UIInterfaceOrientationLandscapeRight";
				INFOPLIST_KEY_UISupportedInterfaceOrientations_iPhone = "UIInterfaceOrientationPortrait UIInterfaceOrientationLandscapeLeft UIInterfaceOrientationLandscapeRight";
				LD_RUNPATH_SEARCH_PATHS = (
					"$(inherited)",
					"@executable_path/Frameworks",
				);
				MARKETING_VERSION = 1.0;
				PRODUCT_BUNDLE_IDENTIFIER = com.DongHee.SeSacWeek9;
				PRODUCT_NAME = "$(TARGET_NAME)";
				SWIFT_EMIT_LOC_STRINGS = YES;
				SWIFT_VERSION = 5.0;
				TARGETED_DEVICE_FAMILY = "1,2";
			};
			name = Debug;
		};
		D05C5F9428BD94DC004EE695 /* Release */ = {
			isa = XCBuildConfiguration;
			buildSettings = {
				ASSETCATALOG_COMPILER_APPICON_NAME = AppIcon;
				ASSETCATALOG_COMPILER_GLOBAL_ACCENT_COLOR_NAME = AccentColor;
				CODE_SIGN_STYLE = Automatic;
				CURRENT_PROJECT_VERSION = 1;
				DEVELOPMENT_TEAM = PW2RLJT734;
				GENERATE_INFOPLIST_FILE = YES;
				INFOPLIST_FILE = SeSacWeek9/Info.plist;
				INFOPLIST_KEY_UIApplicationSupportsIndirectInputEvents = YES;
				INFOPLIST_KEY_UILaunchStoryboardName = LaunchScreen;
				INFOPLIST_KEY_UIMainStoryboardFile = Main;
				INFOPLIST_KEY_UISupportedInterfaceOrientations_iPad = "UIInterfaceOrientationPortrait UIInterfaceOrientationPortraitUpsideDown UIInterfaceOrientationLandscapeLeft UIInterfaceOrientationLandscapeRight";
				INFOPLIST_KEY_UISupportedInterfaceOrientations_iPhone = "UIInterfaceOrientationPortrait UIInterfaceOrientationLandscapeLeft UIInterfaceOrientationLandscapeRight";
				LD_RUNPATH_SEARCH_PATHS = (
					"$(inherited)",
					"@executable_path/Frameworks",
				);
				MARKETING_VERSION = 1.0;
				PRODUCT_BUNDLE_IDENTIFIER = com.DongHee.SeSacWeek9;
				PRODUCT_NAME = "$(TARGET_NAME)";
				SWIFT_EMIT_LOC_STRINGS = YES;
				SWIFT_VERSION = 5.0;
				TARGETED_DEVICE_FAMILY = "1,2";
			};
			name = Release;
		};
/* End XCBuildConfiguration section */

/* Begin XCConfigurationList section */
		D05C5F7928BD94DB004EE695 /* Build configuration list for PBXProject "SeSacWeek9" */ = {
			isa = XCConfigurationList;
			buildConfigurations = (
				D05C5F9028BD94DC004EE695 /* Debug */,
				D05C5F9128BD94DC004EE695 /* Release */,
			);
			defaultConfigurationIsVisible = 0;
			defaultConfigurationName = Release;
		};
		D05C5F9228BD94DC004EE695 /* Build configuration list for PBXNativeTarget "SeSacWeek9" */ = {
			isa = XCConfigurationList;
			buildConfigurations = (
				D05C5F9328BD94DC004EE695 /* Debug */,
				D05C5F9428BD94DC004EE695 /* Release */,
			);
			defaultConfigurationIsVisible = 0;
			defaultConfigurationName = Release;
		};
/* End XCConfigurationList section */
	};
	rootObject = D05C5F7628BD94DB004EE695 /* Project object */;
}
